
Microsoft Visual Studio Solution File, Format Version 12.00
# Visual Studio 2013
VisualStudioVersion = 12.0.31101.0
MinimumVisualStudioVersion = 10.0.40219.1
Project("{FAE04EC0-301F-11D3-BF4B-00C04F79EFBC}") = "HelixLeisure", "HelixLeisure\HelixLeisure.csproj", "{5FD8A083-557B-4924-BD55-53CC732C20FA}"
EndProject
Project("{FAE04EC0-301F-11D3-BF4B-00C04F79EFBC}") = "HelixLeisureRepository", "HelixLeisureRepository\HelixLeisureRepository.csproj", "{4CB8713C-FAE9-45A9-8E1D-BAF5F6387F5C}"
EndProject
Project("{FAE04EC0-301F-11D3-BF4B-00C04F79EFBC}") = "HelixLeisureDataAccess", "HelixLeisureDataAccess\HelixLeisureDataAccess.csproj", "{732CB7DE-283E-45EF-852E-E8EE29D2266B}"
EndProject
Project("{FAE04EC0-301F-11D3-BF4B-00C04F79EFBC}") = "HelixLeisureUI", "HelixLeisureUI\HelixLeisureUI.csproj", "{591C58A6-7CFA-4062-AC0E-634190412589}"
EndProject
Project("{FAE04EC0-301F-11D3-BF4B-00C04F79EFBC}") = "HelixLeisureUnitTest", "HelixLeisureUnitTest\HelixLeisureUnitTest.csproj", "{2CFEF6F9-46EA-4D50-8D7E-D17355E65BE4}"
EndProject
Global
	GlobalSection(SolutionConfigurationPlatforms) = preSolution
		Debug|Any CPU = Debug|Any CPU
		Release|Any CPU = Release|Any CPU
	EndGlobalSection
	GlobalSection(ProjectConfigurationPlatforms) = postSolution
		{5FD8A083-557B-4924-BD55-53CC732C20FA}.Debug|Any CPU.ActiveCfg = Debug|Any CPU
		{5FD8A083-557B-4924-BD55-53CC732C20FA}.Debug|Any CPU.Build.0 = Debug|Any CPU
		{5FD8A083-557B-4924-BD55-53CC732C20FA}.Release|Any CPU.ActiveCfg = Release|Any CPU
		{5FD8A083-557B-4924-BD55-53CC732C20FA}.Release|Any CPU.Build.0 = Release|Any CPU
		{4CB8713C-FAE9-45A9-8E1D-BAF5F6387F5C}.Debug|Any CPU.ActiveCfg = Debug|Any CPU
		{4CB8713C-FAE9-45A9-8E1D-BAF5F6387F5C}.Debug|Any CPU.Build.0 = Debug|Any CPU
		{4CB8713C-FAE9-45A9-8E1D-BAF5F6387F5C}.Release|Any CPU.ActiveCfg = Release|Any CPU
		{4CB8713C-FAE9-45A9-8E1D-BAF5F6387F5C}.Release|Any CPU.Build.0 = Release|Any CPU
		{732CB7DE-283E-45EF-852E-E8EE29D2266B}.Debug|Any CPU.ActiveCfg = Debug|Any CPU
		{732CB7DE-283E-45EF-852E-E8EE29D2266B}.Debug|Any CPU.Build.0 = Debug|Any CPU
		{732CB7DE-283E-45EF-852E-E8EE29D2266B}.Release|Any CPU.ActiveCfg = Release|Any CPU
		{732CB7DE-283E-45EF-852E-E8EE29D2266B}.Release|Any CPU.Build.0 = Release|Any CPU
		{591C58A6-7CFA-4062-AC0E-634190412589}.Debug|Any CPU.ActiveCfg = Debug|Any CPU
		{591C58A6-7CFA-4062-AC0E-634190412589}.Debug|Any CPU.Build.0 = Debug|Any CPU
		{591C58A6-7CFA-4062-AC0E-634190412589}.Release|Any CPU.ActiveCfg = Release|Any CPU
		{591C58A6-7CFA-4062-AC0E-634190412589}.Release|Any CPU.Build.0 = Release|Any CPU
		{2CFEF6F9-46EA-4D50-8D7E-D17355E65BE4}.Debug|Any CPU.ActiveCfg = Debug|Any CPU
		{2CFEF6F9-46EA-4D50-8D7E-D17355E65BE4}.Debug|Any CPU.Build.0 = Debug|Any CPU
		{2CFEF6F9-46EA-4D50-8D7E-D17355E65BE4}.Release|Any CPU.ActiveCfg = Release|Any CPU
		{2CFEF6F9-46EA-4D50-8D7E-D17355E65BE4}.Release|Any CPU.Build.0 = Release|Any CPU
	EndGlobalSection
	GlobalSection(SolutionProperties) = preSolution
		HideSolutionNode = FALSE
	EndGlobalSection
EndGlobal
